
Microsoft Visual Studio Solution File, Format Version 12.00
# Visual Studio Version 17
VisualStudioVersion = 17.4.33213.308
MinimumVisualStudioVersion = 10.0.40219.1
Project("{FAE04EC0-301F-11D3-BF4B-00C04F79EFBC}") = "Summator", "Summator\Summator.csproj", "{2EE03D43-E9BE-4BB7-93CF-179875B65F8B}"
EndProject
Global
	GlobalSection(SolutionConfigurationPlatforms) = preSolution
		Debug|Any CPU = Debug|Any CPU
		Release|Any CPU = Release|Any CPU
	EndGlobalSection
	GlobalSection(ProjectConfigurationPlatforms) = postSolution
		{2EE03D43-E9BE-4BB7-93CF-179875B65F8B}.Debug|Any CPU.ActiveCfg = Debug|Any CPU
		{2EE03D43-E9BE-4BB7-93CF-179875B65F8B}.Debug|Any CPU.Build.0 = Debug|Any CPU
		{2EE03D43-E9BE-4BB7-93CF-179875B65F8B}.Release|Any CPU.ActiveCfg = Release|Any CPU
		{2EE03D43-E9BE-4BB7-93CF-179875B65F8B}.Release|Any CPU.Build.0 = Release|Any CPU
	EndGlobalSection
	GlobalSection(SolutionProperties) = preSolution
		HideSolutionNode = FALSE
	EndGlobalSection
	GlobalSection(ExtensibilityGlobals) = postSolution
		SolutionGuid = {80708551-B592-4E62-A74D-7AAB5056C8CF}
	EndGlobalSection
EndGlobal
